// !$*UTF8*$!
{
	archiveVersion = 1;
	classes = {
	};
	objectVersion = 46;
	objects = {

/* Begin PBXBuildFile section */
		11D723B3218354D9004C4FF0 /* epl-1.0.txt in Resources */ = {isa = PBXBuildFile; fileRef = 11D723AA218354D9004C4FF0 /* epl-1.0.txt */; };
		11D723B6218354D9004C4FF0 /* agpl-3.0.txt in Resources */ = {isa = PBXBuildFile; fileRef = 11D723AD218354D9004C4FF0 /* agpl-3.0.txt */; };
		11D723B7218354D9004C4FF0 /* apache-2.0.txt in Resources */ = {isa = PBXBuildFile; fileRef = 11D723AE218354D9004C4FF0 /* apache-2.0.txt */; };
		11D723BA218354D9004C4FF0 /* unlicense.txt in Resources */ = {isa = PBXBuildFile; fileRef = 11D723B1218354D9004C4FF0 /* unlicense.txt */; };
		25209AED1F3DA0C20072C838 /* Framework.framework in Frameworks */ = {isa = PBXBuildFile; fileRef = 25209AEC1F3DA0C20072C838 /* Framework.framework */; };
		25209AEE1F3DA0C20072C838 /* Framework.framework in Embed Frameworks */ = {isa = PBXBuildFile; fileRef = 25209AEC1F3DA0C20072C838 /* Framework.framework */; settings = {ATTRIBUTES = (CodeSignOnCopy, RemoveHeadersOnCopy, ); }; };
		2594A4E71F445F7500D8C5F7 /* AttributionController.swift in Sources */ = {isa = PBXBuildFile; fileRef = 2594A4E61F445F7500D8C5F7 /* AttributionController.swift */; };
		259C8EDC1F39A09900DFDA05 /* AppDelegate.swift in Sources */ = {isa = PBXBuildFile; fileRef = 259C8EDB1F39A09900DFDA05 /* AppDelegate.swift */; };
		259C8EE31F39A09900DFDA05 /* Assets.xcassets in Resources */ = {isa = PBXBuildFile; fileRef = 259C8EE21F39A09900DFDA05 /* Assets.xcassets */; };
		259C8EE61F39A09900DFDA05 /* LaunchScreen.storyboard in Resources */ = {isa = PBXBuildFile; fileRef = 259C8EE41F39A09900DFDA05 /* LaunchScreen.storyboard */; };
		259C8F0A1F39A0EB00DFDA05 /* customAttributions.json in Resources */ = {isa = PBXBuildFile; fileRef = 259C8F091F39A0EB00DFDA05 /* customAttributions.json */; };
		259C8F0C1F39A0F100DFDA05 /* carthageAttributions.json in Resources */ = {isa = PBXBuildFile; fileRef = 259C8F0B1F39A0F100DFDA05 /* carthageAttributions.json */; };
		259C8F0E1F39A0F500DFDA05 /* unlicenseMain.txt in Resources */ = {isa = PBXBuildFile; fileRef = 259C8F0D1F39A0F500DFDA05 /* unlicenseMain.txt */; };
		25ABE3631F3CAB5600C1E497 /* Attributions.framework in Frameworks */ = {isa = PBXBuildFile; fileRef = 25ABE3621F3CAB5600C1E497 /* Attributions.framework */; };
		25ABE3641F3CAB5600C1E497 /* Attributions.framework in Embed Frameworks */ = {isa = PBXBuildFile; fileRef = 25ABE3621F3CAB5600C1E497 /* Attributions.framework */; settings = {ATTRIBUTES = (CodeSignOnCopy, RemoveHeadersOnCopy, ); }; };
/* End PBXBuildFile section */

/* Begin PBXCopyFilesBuildPhase section */
		259C8F121F39A2D500DFDA05 /* Embed Frameworks */ = {
			isa = PBXCopyFilesBuildPhase;
			buildActionMask = 2147483647;
			dstPath = "";
			dstSubfolderSpec = 10;
			files = (
				25ABE3641F3CAB5600C1E497 /* Attributions.framework in Embed Frameworks */,
				25209AEE1F3DA0C20072C838 /* Framework.framework in Embed Frameworks */,
			);
			name = "Embed Frameworks";
			runOnlyForDeploymentPostprocessing = 0;
		};
/* End PBXCopyFilesBuildPhase section */

/* Begin PBXFileReference section */
		11D723AA218354D9004C4FF0 /* epl-1.0.txt */ = {isa = PBXFileReference; fileEncoding = 4; lastKnownFileType = text; path = "epl-1.0.txt"; sourceTree = "<group>"; };
		11D723AD218354D9004C4FF0 /* agpl-3.0.txt */ = {isa = PBXFileReference; fileEncoding = 4; lastKnownFileType = text; path = "agpl-3.0.txt"; sourceTree = "<group>"; };
		11D723AE218354D9004C4FF0 /* apache-2.0.txt */ = {isa = PBXFileReference; fileEncoding = 4; lastKnownFileType = text; path = "apache-2.0.txt"; sourceTree = "<group>"; };
		11D723B1218354D9004C4FF0 /* unlicense.txt */ = {isa = PBXFileReference; fileEncoding = 4; lastKnownFileType = text; path = unlicense.txt; sourceTree = "<group>"; };
		25209AEC1F3DA0C20072C838 /* Framework.framework */ = {isa = PBXFileReference; explicitFileType = wrapper.framework; path = Framework.framework; sourceTree = BUILT_PRODUCTS_DIR; };
		2594A4E61F445F7500D8C5F7 /* AttributionController.swift */ = {isa = PBXFileReference; fileEncoding = 4; lastKnownFileType = sourcecode.swift; path = AttributionController.swift; sourceTree = "<group>"; };
		259C8ED81F39A09900DFDA05 /* Source.app */ = {isa = PBXFileReference; explicitFileType = wrapper.application; includeInIndex = 0; path = Source.app; sourceTree = BUILT_PRODUCTS_DIR; };
		259C8EDB1F39A09900DFDA05 /* AppDelegate.swift */ = {isa = PBXFileReference; lastKnownFileType = sourcecode.swift; path = AppDelegate.swift; sourceTree = "<group>"; };
		259C8EE21F39A09900DFDA05 /* Assets.xcassets */ = {isa = PBXFileReference; lastKnownFileType = folder.assetcatalog; path = Assets.xcassets; sourceTree = "<group>"; };
		259C8EE51F39A09900DFDA05 /* Base */ = {isa = PBXFileReference; lastKnownFileType = file.storyboard; name = Base; path = Base.lproj/LaunchScreen.storyboard; sourceTree = "<group>"; };
		259C8EE71F39A09900DFDA05 /* Info.plist */ = {isa = PBXFileReference; lastKnownFileType = text.plist.xml; path = Info.plist; sourceTree = "<group>"; };
		259C8F091F39A0EB00DFDA05 /* customAttributions.json */ = {isa = PBXFileReference; fileEncoding = 4; lastKnownFileType = text.json; path = customAttributions.json; sourceTree = "<group>"; };
		259C8F0B1F39A0F100DFDA05 /* carthageAttributions.json */ = {isa = PBXFileReference; fileEncoding = 4; lastKnownFileType = text.json; path = carthageAttributions.json; sourceTree = "<group>"; };
		259C8F0D1F39A0F500DFDA05 /* unlicenseMain.txt */ = {isa = PBXFileReference; fileEncoding = 4; lastKnownFileType = text; path = unlicenseMain.txt; sourceTree = "<group>"; };
		25ABE3621F3CAB5600C1E497 /* Attributions.framework */ = {isa = PBXFileReference; explicitFileType = wrapper.framework; path = Attributions.framework; sourceTree = BUILT_PRODUCTS_DIR; };
/* End PBXFileReference section */

/* Begin PBXFrameworksBuildPhase section */
		259C8ED51F39A09900DFDA05 /* Frameworks */ = {
			isa = PBXFrameworksBuildPhase;
			buildActionMask = 2147483647;
			files = (
				25ABE3631F3CAB5600C1E497 /* Attributions.framework in Frameworks */,
				25209AED1F3DA0C20072C838 /* Framework.framework in Frameworks */,
			);
			runOnlyForDeploymentPostprocessing = 0;
		};
/* End PBXFrameworksBuildPhase section */

/* Begin PBXGroup section */
		11D723A821835490004C4FF0 /* Licenses */ = {
			isa = PBXGroup;
			children = (
				11D723AD218354D9004C4FF0 /* agpl-3.0.txt */,
				11D723AE218354D9004C4FF0 /* apache-2.0.txt */,
				11D723AA218354D9004C4FF0 /* epl-1.0.txt */,
				11D723B1218354D9004C4FF0 /* unlicense.txt */,
			);
			path = Licenses;
			sourceTree = "<group>";
		};
		259C8ECF1F39A09900DFDA05 = {
			isa = PBXGroup;
			children = (
				11D723A821835490004C4FF0 /* Licenses */,
				25209AEC1F3DA0C20072C838 /* Framework.framework */,
				25ABE3621F3CAB5600C1E497 /* Attributions.framework */,
				259C8EDA1F39A09900DFDA05 /* Source */,
				259C8ED91F39A09900DFDA05 /* Products */,
			);
			sourceTree = "<group>";
		};
		259C8ED91F39A09900DFDA05 /* Products */ = {
			isa = PBXGroup;
			children = (
				259C8ED81F39A09900DFDA05 /* Source.app */,
			);
			name = Products;
			sourceTree = "<group>";
		};
		259C8EDA1F39A09900DFDA05 /* Source */ = {
			isa = PBXGroup;
			children = (
				259C8EDB1F39A09900DFDA05 /* AppDelegate.swift */,
				259C8F091F39A0EB00DFDA05 /* customAttributions.json */,
				259C8F0D1F39A0F500DFDA05 /* unlicenseMain.txt */,
				259C8F0B1F39A0F100DFDA05 /* carthageAttributions.json */,
				259C8EE21F39A09900DFDA05 /* Assets.xcassets */,
				259C8EE41F39A09900DFDA05 /* LaunchScreen.storyboard */,
				259C8EE71F39A09900DFDA05 /* Info.plist */,
				2594A4E61F445F7500D8C5F7 /* AttributionController.swift */,
			);
			path = Source;
			sourceTree = "<group>";
		};
/* End PBXGroup section */

/* Begin PBXNativeTarget section */
		259C8ED71F39A09900DFDA05 /* Source */ = {
			isa = PBXNativeTarget;
			buildConfigurationList = 259C8F001F39A09900DFDA05 /* Build configuration list for PBXNativeTarget "Source" */;
			buildPhases = (
				259C8ED41F39A09900DFDA05 /* Sources */,
				259C8ED51F39A09900DFDA05 /* Frameworks */,
				259C8ED61F39A09900DFDA05 /* Resources */,
				259C8F121F39A2D500DFDA05 /* Embed Frameworks */,
			);
			buildRules = (
			);
			dependencies = (
			);
			name = Source;
			productName = Example;
			productReference = 259C8ED81F39A09900DFDA05 /* Source.app */;
			productType = "com.apple.product-type.application";
		};
/* End PBXNativeTarget section */

/* Begin PBXProject section */
		259C8ED01F39A09900DFDA05 /* Project object */ = {
			isa = PBXProject;
			attributes = {
				LastSwiftUpdateCheck = 0830;
				LastUpgradeCheck = 0830;
				ORGANIZATIONNAME = KAYAK;
				TargetAttributes = {
					259C8ED71F39A09900DFDA05 = {
						CreatedOnToolsVersion = 8.3.3;
						ProvisioningStyle = Automatic;
					};
				};
			};
			buildConfigurationList = 259C8ED31F39A09900DFDA05 /* Build configuration list for PBXProject "Source" */;
			compatibilityVersion = "Xcode 3.2";
			developmentRegion = English;
			hasScannedForEncodings = 0;
			knownRegions = (
				en,
				Base,
			);
			mainGroup = 259C8ECF1F39A09900DFDA05;
			productRefGroup = 259C8ED91F39A09900DFDA05 /* Products */;
			projectDirPath = "";
			projectRoot = "";
			targets = (
				259C8ED71F39A09900DFDA05 /* Source */,
			);
		};
/* End PBXProject section */

/* Begin PBXResourcesBuildPhase section */
		259C8ED61F39A09900DFDA05 /* Resources */ = {
			isa = PBXResourcesBuildPhase;
			buildActionMask = 2147483647;
			files = (
				11D723B6218354D9004C4FF0 /* agpl-3.0.txt in Resources */,
				259C8F0C1F39A0F100DFDA05 /* carthageAttributions.json in Resources */,
				11D723B3218354D9004C4FF0 /* epl-1.0.txt in Resources */,
				259C8F0E1F39A0F500DFDA05 /* unlicenseMain.txt in Resources */,
				259C8EE61F39A09900DFDA05 /* LaunchScreen.storyboard in Resources */,
				259C8EE31F39A09900DFDA05 /* Assets.xcassets in Resources */,
				11D723BA218354D9004C4FF0 /* unlicense.txt in Resources */,
				259C8F0A1F39A0EB00DFDA05 /* customAttributions.json in Resources */,
				11D723B7218354D9004C4FF0 /* apache-2.0.txt in Resources */,
			);
			runOnlyForDeploymentPostprocessing = 0;
		};
/* End PBXResourcesBuildPhase section */

/* Begin PBXSourcesBuildPhase section */
		259C8ED41F39A09900DFDA05 /* Sources */ = {
			isa = PBXSourcesBuildPhase;
			buildActionMask = 2147483647;
			files = (
				2594A4E71F445F7500D8C5F7 /* AttributionController.swift in Sources */,
				259C8EDC1F39A09900DFDA05 /* AppDelegate.swift in Sources */,
			);
			runOnlyForDeploymentPostprocessing = 0;
		};
/* End PBXSourcesBuildPhase section */

/* Begin PBXVariantGroup section */
		259C8EE41F39A09900DFDA05 /* LaunchScreen.storyboard */ = {
			isa = PBXVariantGroup;
			children = (
				259C8EE51F39A09900DFDA05 /* Base */,
			);
			name = LaunchScreen.storyboard;
			sourceTree = "<group>";
		};
/* End PBXVariantGroup section */

/* Begin XCBuildConfiguration section */
		259C8EFE1F39A09900DFDA05 /* Debug */ = {
			isa = XCBuildConfiguration;
			buildSettings = {
				ALWAYS_SEARCH_USER_PATHS = NO;
				CLANG_ANALYZER_NONNULL = YES;
				CLANG_ANALYZER_NUMBER_OBJECT_CONVERSION = YES_AGGRESSIVE;
				CLANG_CXX_LANGUAGE_STANDARD = "gnu++0x";
				CLANG_CXX_LIBRARY = "libc++";
				CLANG_ENABLE_MODULES = YES;
				CLANG_ENABLE_OBJC_ARC = YES;
				CLANG_WARN_BOOL_CONVERSION = YES;
				CLANG_WARN_CONSTANT_CONVERSION = YES;
				CLANG_WARN_DIRECT_OBJC_ISA_USAGE = YES_ERROR;
				CLANG_WARN_DOCUMENTATION_COMMENTS = YES;
				CLANG_WARN_EMPTY_BODY = YES;
				CLANG_WARN_ENUM_CONVERSION = YES;
				CLANG_WARN_INFINITE_RECURSION = YES;
				CLANG_WARN_INT_CONVERSION = YES;
				CLANG_WARN_OBJC_ROOT_CLASS = YES_ERROR;
				CLANG_WARN_SUSPICIOUS_MOVE = YES;
				CLANG_WARN_UNREACHABLE_CODE = YES;
				CLANG_WARN__DUPLICATE_METHOD_MATCH = YES;
				"CODE_SIGN_IDENTITY[sdk=iphoneos*]" = "iPhone Developer";
				COPY_PHASE_STRIP = NO;
				DEBUG_INFORMATION_FORMAT = dwarf;
				ENABLE_STRICT_OBJC_MSGSEND = YES;
				ENABLE_TESTABILITY = YES;
				GCC_C_LANGUAGE_STANDARD = gnu99;
				GCC_DYNAMIC_NO_PIC = NO;
				GCC_NO_COMMON_BLOCKS = YES;
				GCC_OPTIMIZATION_LEVEL = 0;
				GCC_PREPROCESSOR_DEFINITIONS = (
					"DEBUG=1",
					"$(inherited)",
				);
				GCC_WARN_64_TO_32_BIT_CONVERSION = YES;
				GCC_WARN_ABOUT_RETURN_TYPE = YES_ERROR;
				GCC_WARN_UNDECLARED_SELECTOR = YES;
				GCC_WARN_UNINITIALIZED_AUTOS = YES_AGGRESSIVE;
				GCC_WARN_UNUSED_FUNCTION = YES;
				GCC_WARN_UNUSED_VARIABLE = YES;
				IPHONEOS_DEPLOYMENT_TARGET = 10.3;
				MTL_ENABLE_DEBUG_INFO = YES;
				ONLY_ACTIVE_ARCH = YES;
				SDKROOT = iphoneos;
				SWIFT_ACTIVE_COMPILATION_CONDITIONS = DEBUG;
				SWIFT_OPTIMIZATION_LEVEL = "-Onone";
				TARGETED_DEVICE_FAMILY = "1,2";
			};
			name = Debug;
		};
		259C8EFF1F39A09900DFDA05 /* Release */ = {
			isa = XCBuildConfiguration;
			buildSettings = {
				ALWAYS_SEARCH_USER_PATHS = NO;
				CLANG_ANALYZER_NONNULL = YES;
				CLANG_ANALYZER_NUMBER_OBJECT_CONVERSION = YES_AGGRESSIVE;
				CLANG_CXX_LANGUAGE_STANDARD = "gnu++0x";
				CLANG_CXX_LIBRARY = "libc++";
				CLANG_ENABLE_MODULES = YES;
				CLANG_ENABLE_OBJC_ARC = YES;
				CLANG_WARN_BOOL_CONVERSION = YES;
				CLANG_WARN_CONSTANT_CONVERSION = YES;
				CLANG_WARN_DIRECT_OBJC_ISA_USAGE = YES_ERROR;
				CLANG_WARN_DOCUMENTATION_COMMENTS = YES;
				CLANG_WARN_EMPTY_BODY = YES;
				CLANG_WARN_ENUM_CONVERSION = YES;
				CLANG_WARN_INFINITE_RECURSION = YES;
				CLANG_WARN_INT_CONVERSION = YES;
				CLANG_WARN_OBJC_ROOT_CLASS = YES_ERROR;
				CLANG_WARN_SUSPICIOUS_MOVE = YES;
				CLANG_WARN_UNREACHABLE_CODE = YES;
				CLANG_WARN__DUPLICATE_METHOD_MATCH = YES;
				"CODE_SIGN_IDENTITY[sdk=iphoneos*]" = "iPhone Developer";
				COPY_PHASE_STRIP = NO;
				DEBUG_INFORMATION_FORMAT = "dwarf-with-dsym";
				ENABLE_NS_ASSERTIONS = NO;
				ENABLE_STRICT_OBJC_MSGSEND = YES;
				GCC_C_LANGUAGE_STANDARD = gnu99;
				GCC_NO_COMMON_BLOCKS = YES;
				GCC_WARN_64_TO_32_BIT_CONVERSION = YES;
				GCC_WARN_ABOUT_RETURN_TYPE = YES_ERROR;
				GCC_WARN_UNDECLARED_SELECTOR = YES;
				GCC_WARN_UNINITIALIZED_AUTOS = YES_AGGRESSIVE;
				GCC_WARN_UNUSED_FUNCTION = YES;
				GCC_WARN_UNUSED_VARIABLE = YES;
				IPHONEOS_DEPLOYMENT_TARGET = 10.3;
				MTL_ENABLE_DEBUG_INFO = NO;
				SDKROOT = iphoneos;
				SWIFT_OPTIMIZATION_LEVEL = "-Owholemodule";
				TARGETED_DEVICE_FAMILY = "1,2";
				VALIDATE_PRODUCT = YES;
			};
			name = Release;
		};
		259C8F011F39A09900DFDA05 /* Debug */ = {
			isa = XCBuildConfiguration;
			buildSettings = {
				ASSETCATALOG_COMPILER_APPICON_NAME = AppIcon;
				INFOPLIST_FILE = Source/Info.plist;
				LD_RUNPATH_SEARCH_PATHS = "$(inherited) @executable_path/Frameworks";
				PRODUCT_BUNDLE_IDENTIFIER = com.kayak.Source;
				PRODUCT_NAME = "$(TARGET_NAME)";
				SWIFT_VERSION = 3.0;
			};
			name = Debug;
		};
		259C8F021F39A09900DFDA05 /* Release */ = {
			isa = XCBuildConfiguration;
			buildSettings = {
				ASSETCATALOG_COMPILER_APPICON_NAME = AppIcon;
				INFOPLIST_FILE = Source/Info.plist;
				LD_RUNPATH_SEARCH_PATHS = "$(inherited) @executable_path/Frameworks";
				PRODUCT_BUNDLE_IDENTIFIER = com.kayak.Source;
				PRODUCT_NAME = "$(TARGET_NAME)";
				SWIFT_VERSION = 3.0;
			};
			name = Release;
		};
/* End XCBuildConfiguration section */

/* Begin XCConfigurationList section */
		259C8ED31F39A09900DFDA05 /* Build configuration list for PBXProject "Source" */ = {
			isa = XCConfigurationList;
			buildConfigurations = (
				259C8EFE1F39A09900DFDA05 /* Debug */,
				259C8EFF1F39A09900DFDA05 /* Release */,
			);
			defaultConfigurationIsVisible = 0;
			defaultConfigurationName = Release;
		};
		259C8F001F39A09900DFDA05 /* Build configuration list for PBXNativeTarget "Source" */ = {
			isa = XCConfigurationList;
			buildConfigurations = (
				259C8F011F39A09900DFDA05 /* Debug */,
				259C8F021F39A09900DFDA05 /* Release */,
			);
			defaultConfigurationIsVisible = 0;
			defaultConfigurationName = Release;
		};
/* End XCConfigurationList section */
	};
	rootObject = 259C8ED01F39A09900DFDA05 /* Project object */;
}
